
Microsoft Visual Studio Solution File, Format Version 12.00
# Visual Studio Version 16
VisualStudioVersion = 16.0.30320.27
MinimumVisualStudioVersion = 10.0.40219.1
Project("{FAE04EC0-301F-11D3-BF4B-00C04F79EFBC}") = "CharityCalculatorV2", "CharityCalculatorV2\CharityCalculatorV2.csproj", "{2347F8C1-6097-4DC3-8A5F-59F1C7B08BFD}"
EndProject
Global
	GlobalSection(SolutionConfigurationPlatforms) = preSolution
		Debug|Any CPU = Debug|Any CPU
		Release|Any CPU = Release|Any CPU
	EndGlobalSection
	GlobalSection(ProjectConfigurationPlatforms) = postSolution
		{2347F8C1-6097-4DC3-8A5F-59F1C7B08BFD}.Debug|Any CPU.ActiveCfg = Debug|Any CPU
		{2347F8C1-6097-4DC3-8A5F-59F1C7B08BFD}.Debug|Any CPU.Build.0 = Debug|Any CPU
		{2347F8C1-6097-4DC3-8A5F-59F1C7B08BFD}.Release|Any CPU.ActiveCfg = Release|Any CPU
		{2347F8C1-6097-4DC3-8A5F-59F1C7B08BFD}.Release|Any CPU.Build.0 = Release|Any CPU
	EndGlobalSection
	GlobalSection(SolutionProperties) = preSolution
		HideSolutionNode = FALSE
	EndGlobalSection
	GlobalSection(ExtensibilityGlobals) = postSolution
		SolutionGuid = {55F51CC6-FB16-4FDC-B1BD-0FC241191AD1}
	EndGlobalSection
EndGlobal
